
Microsoft Visual Studio Solution File, Format Version 12.00
# Visual Studio Version 17
VisualStudioVersion = 17.8.34511.84
MinimumVisualStudioVersion = 10.0.40219.1
Project("{FAE04EC0-301F-11D3-BF4B-00C04F79EFBC}") = "FBGroupPublisherMVC", "FBGroupPublisherMVC.csproj", "{FC05EF43-5679-4B50-BC8F-6E6ADC8943A5}"
EndProject
Global
	GlobalSection(SolutionConfigurationPlatforms) = preSolution
		Debug|Any CPU = Debug|Any CPU
		Release|Any CPU = Release|Any CPU
	EndGlobalSection
	GlobalSection(ProjectConfigurationPlatforms) = postSolution
		{FC05EF43-5679-4B50-BC8F-6E6ADC8943A5}.Debug|Any CPU.ActiveCfg = Debug|Any CPU
		{FC05EF43-5679-4B50-BC8F-6E6ADC8943A5}.Debug|Any CPU.Build.0 = Debug|Any CPU
		{FC05EF43-5679-4B50-BC8F-6E6ADC8943A5}.Release|Any CPU.ActiveCfg = Release|Any CPU
		{FC05EF43-5679-4B50-BC8F-6E6ADC8943A5}.Release|Any CPU.Build.0 = Release|Any CPU
	EndGlobalSection
	GlobalSection(SolutionProperties) = preSolution
		HideSolutionNode = FALSE
	EndGlobalSection
	GlobalSection(ExtensibilityGlobals) = postSolution
		SolutionGuid = {3381416B-9CC4-4564-926A-98FCCF837190}
	EndGlobalSection
EndGlobal
